
Microsoft Visual Studio Solution File, Format Version 12.00
# Visual Studio Version 16
VisualStudioVersion = 16.0.30204.135
MinimumVisualStudioVersion = 10.0.40219.1
Project("{FAE04EC0-301F-11D3-BF4B-00C04F79EFBC}") = "Day14", "Day14\Day14.csproj", "{F1B34BCD-2592-4137-AB10-F7465C82DAFF}"
EndProject
Global
	GlobalSection(SolutionConfigurationPlatforms) = preSolution
		Debug|Any CPU = Debug|Any CPU
		Release|Any CPU = Release|Any CPU
	EndGlobalSection
	GlobalSection(ProjectConfigurationPlatforms) = postSolution
		{F1B34BCD-2592-4137-AB10-F7465C82DAFF}.Debug|Any CPU.ActiveCfg = Debug|Any CPU
		{F1B34BCD-2592-4137-AB10-F7465C82DAFF}.Debug|Any CPU.Build.0 = Debug|Any CPU
		{F1B34BCD-2592-4137-AB10-F7465C82DAFF}.Release|Any CPU.ActiveCfg = Release|Any CPU
		{F1B34BCD-2592-4137-AB10-F7465C82DAFF}.Release|Any CPU.Build.0 = Release|Any CPU
	EndGlobalSection
	GlobalSection(SolutionProperties) = preSolution
		HideSolutionNode = FALSE
	EndGlobalSection
	GlobalSection(ExtensibilityGlobals) = postSolution
		SolutionGuid = {0BFE345D-027F-427B-838D-42AA63DE4ED2}
	EndGlobalSection
EndGlobal
