
Microsoft Visual Studio Solution File, Format Version 12.00
# Visual Studio Version 16
VisualStudioVersion = 16.0.30204.135
MinimumVisualStudioVersion = 10.0.40219.1
Project("{FAE04EC0-301F-11D3-BF4B-00C04F79EFBC}") = "Day13", "Day13\Day13.csproj", "{6C768CBA-0873-44D2-A3F1-489464E2D24C}"
EndProject
Global
	GlobalSection(SolutionConfigurationPlatforms) = preSolution
		Debug|Any CPU = Debug|Any CPU
		Release|Any CPU = Release|Any CPU
	EndGlobalSection
	GlobalSection(ProjectConfigurationPlatforms) = postSolution
		{6C768CBA-0873-44D2-A3F1-489464E2D24C}.Debug|Any CPU.ActiveCfg = Debug|Any CPU
		{6C768CBA-0873-44D2-A3F1-489464E2D24C}.Debug|Any CPU.Build.0 = Debug|Any CPU
		{6C768CBA-0873-44D2-A3F1-489464E2D24C}.Release|Any CPU.ActiveCfg = Release|Any CPU
		{6C768CBA-0873-44D2-A3F1-489464E2D24C}.Release|Any CPU.Build.0 = Release|Any CPU
	EndGlobalSection
	GlobalSection(SolutionProperties) = preSolution
		HideSolutionNode = FALSE
	EndGlobalSection
	GlobalSection(ExtensibilityGlobals) = postSolution
		SolutionGuid = {79F806D0-46D7-41E8-9634-E993FB5B394A}
	EndGlobalSection
EndGlobal
