
Microsoft Visual Studio Solution File, Format Version 12.00
# Visual Studio Version 16
VisualStudioVersion = 16.0.30204.135
MinimumVisualStudioVersion = 10.0.40219.1
Project("{FAE04EC0-301F-11D3-BF4B-00C04F79EFBC}") = "Day11", "Day11\Day11.csproj", "{EC46A8C9-7261-441B-9A46-85546C043EF0}"
EndProject
Global
	GlobalSection(SolutionConfigurationPlatforms) = preSolution
		Debug|Any CPU = Debug|Any CPU
		Release|Any CPU = Release|Any CPU
	EndGlobalSection
	GlobalSection(ProjectConfigurationPlatforms) = postSolution
		{EC46A8C9-7261-441B-9A46-85546C043EF0}.Debug|Any CPU.ActiveCfg = Debug|Any CPU
		{EC46A8C9-7261-441B-9A46-85546C043EF0}.Debug|Any CPU.Build.0 = Debug|Any CPU
		{EC46A8C9-7261-441B-9A46-85546C043EF0}.Release|Any CPU.ActiveCfg = Release|Any CPU
		{EC46A8C9-7261-441B-9A46-85546C043EF0}.Release|Any CPU.Build.0 = Release|Any CPU
	EndGlobalSection
	GlobalSection(SolutionProperties) = preSolution
		HideSolutionNode = FALSE
	EndGlobalSection
	GlobalSection(ExtensibilityGlobals) = postSolution
		SolutionGuid = {755122A6-3F9F-43CC-A111-46B495D2DD1C}
	EndGlobalSection
EndGlobal
