
Microsoft Visual Studio Solution File, Format Version 12.00
# Visual Studio Version 16
VisualStudioVersion = 16.0.30204.135
MinimumVisualStudioVersion = 10.0.40219.1
Project("{FAE04EC0-301F-11D3-BF4B-00C04F79EFBC}") = "Day17", "Day17\Day17.csproj", "{99897FED-EF44-44B7-83CE-239058F93EE6}"
EndProject
Global
	GlobalSection(SolutionConfigurationPlatforms) = preSolution
		Debug|Any CPU = Debug|Any CPU
		Release|Any CPU = Release|Any CPU
	EndGlobalSection
	GlobalSection(ProjectConfigurationPlatforms) = postSolution
		{99897FED-EF44-44B7-83CE-239058F93EE6}.Debug|Any CPU.ActiveCfg = Debug|Any CPU
		{99897FED-EF44-44B7-83CE-239058F93EE6}.Debug|Any CPU.Build.0 = Debug|Any CPU
		{99897FED-EF44-44B7-83CE-239058F93EE6}.Release|Any CPU.ActiveCfg = Release|Any CPU
		{99897FED-EF44-44B7-83CE-239058F93EE6}.Release|Any CPU.Build.0 = Release|Any CPU
	EndGlobalSection
	GlobalSection(SolutionProperties) = preSolution
		HideSolutionNode = FALSE
	EndGlobalSection
	GlobalSection(ExtensibilityGlobals) = postSolution
		SolutionGuid = {59B2492D-F238-49DA-9A25-5CB44601C685}
	EndGlobalSection
EndGlobal
