
Microsoft Visual Studio Solution File, Format Version 12.00
# Visual Studio Version 16
VisualStudioVersion = 16.0.30204.135
MinimumVisualStudioVersion = 10.0.40219.1
Project("{FAE04EC0-301F-11D3-BF4B-00C04F79EFBC}") = "Day25", "Day25\Day25.csproj", "{1B7AD785-A08B-433C-A5DF-C1588B8EE6F6}"
EndProject
Global
	GlobalSection(SolutionConfigurationPlatforms) = preSolution
		Debug|Any CPU = Debug|Any CPU
		Release|Any CPU = Release|Any CPU
	EndGlobalSection
	GlobalSection(ProjectConfigurationPlatforms) = postSolution
		{1B7AD785-A08B-433C-A5DF-C1588B8EE6F6}.Debug|Any CPU.ActiveCfg = Debug|Any CPU
		{1B7AD785-A08B-433C-A5DF-C1588B8EE6F6}.Debug|Any CPU.Build.0 = Debug|Any CPU
		{1B7AD785-A08B-433C-A5DF-C1588B8EE6F6}.Release|Any CPU.ActiveCfg = Release|Any CPU
		{1B7AD785-A08B-433C-A5DF-C1588B8EE6F6}.Release|Any CPU.Build.0 = Release|Any CPU
	EndGlobalSection
	GlobalSection(SolutionProperties) = preSolution
		HideSolutionNode = FALSE
	EndGlobalSection
	GlobalSection(ExtensibilityGlobals) = postSolution
		SolutionGuid = {890DCF98-DA12-41A4-852E-C7AF3C87928B}
	EndGlobalSection
EndGlobal
