
Microsoft Visual Studio Solution File, Format Version 12.00
# Visual Studio Version 16
VisualStudioVersion = 16.0.30204.135
MinimumVisualStudioVersion = 10.0.40219.1
Project("{FAE04EC0-301F-11D3-BF4B-00C04F79EFBC}") = "Day12", "Day12\Day12.csproj", "{EA1A0BE7-1AE3-4247-8323-4DF46F4AD655}"
EndProject
Global
	GlobalSection(SolutionConfigurationPlatforms) = preSolution
		Debug|Any CPU = Debug|Any CPU
		Release|Any CPU = Release|Any CPU
	EndGlobalSection
	GlobalSection(ProjectConfigurationPlatforms) = postSolution
		{EA1A0BE7-1AE3-4247-8323-4DF46F4AD655}.Debug|Any CPU.ActiveCfg = Debug|Any CPU
		{EA1A0BE7-1AE3-4247-8323-4DF46F4AD655}.Debug|Any CPU.Build.0 = Debug|Any CPU
		{EA1A0BE7-1AE3-4247-8323-4DF46F4AD655}.Release|Any CPU.ActiveCfg = Release|Any CPU
		{EA1A0BE7-1AE3-4247-8323-4DF46F4AD655}.Release|Any CPU.Build.0 = Release|Any CPU
	EndGlobalSection
	GlobalSection(SolutionProperties) = preSolution
		HideSolutionNode = FALSE
	EndGlobalSection
	GlobalSection(ExtensibilityGlobals) = postSolution
		SolutionGuid = {6B62B78F-E801-4B9B-88D2-90E28D7F12F2}
	EndGlobalSection
EndGlobal
